
Microsoft Visual Studio Solution File, Format Version 12.00
# Visual Studio Version 17
VisualStudioVersion = 17.5.33516.290
MinimumVisualStudioVersion = 10.0.40219.1
Project("{FAE04EC0-301F-11D3-BF4B-00C04F79EFBC}") = "Api", "Api.csproj", "{24583A1D-3DCB-4FD9-8E7D-7CFA30BDF4BC}"
EndProject
Global
	GlobalSection(SolutionConfigurationPlatforms) = preSolution
		Debug|Any CPU = Debug|Any CPU
		Release|Any CPU = Release|Any CPU
	EndGlobalSection
	GlobalSection(ProjectConfigurationPlatforms) = postSolution
		{24583A1D-3DCB-4FD9-8E7D-7CFA30BDF4BC}.Debug|Any CPU.ActiveCfg = Debug|Any CPU
		{24583A1D-3DCB-4FD9-8E7D-7CFA30BDF4BC}.Debug|Any CPU.Build.0 = Debug|Any CPU
		{24583A1D-3DCB-4FD9-8E7D-7CFA30BDF4BC}.Release|Any CPU.ActiveCfg = Release|Any CPU
		{24583A1D-3DCB-4FD9-8E7D-7CFA30BDF4BC}.Release|Any CPU.Build.0 = Release|Any CPU
	EndGlobalSection
	GlobalSection(SolutionProperties) = preSolution
		HideSolutionNode = FALSE
	EndGlobalSection
	GlobalSection(ExtensibilityGlobals) = postSolution
		SolutionGuid = {22F0B61D-24A4-4C9F-8741-0AC3650B00C7}
	EndGlobalSection
EndGlobal
